
Microsoft Visual Studio Solution File, Format Version 12.00
# Visual Studio 15
VisualStudioVersion = 15.0.26228.12
MinimumVisualStudioVersion = 10.0.40219.1
Project("{FAE04EC0-301F-11D3-BF4B-00C04F79EFBC}") = "Enterprise.IntegrationPatterns", "Enterprise.IntegrationPatterns\Enterprise.IntegrationPatterns.csproj", "{0DEFCADA-B616-4649-B099-2F560001839D}"
EndProject
Project("{FAE04EC0-301F-11D3-BF4B-00C04F79EFBC}") = "Enterprise.IntegrationPatterns.RabbitMq", "Enterprise.IntegrationPatterns.RabbitMq\Enterprise.IntegrationPatterns.RabbitMq.csproj", "{806B8A3E-C69C-4827-B232-638881397846}"
EndProject
Project("{FAE04EC0-301F-11D3-BF4B-00C04F79EFBC}") = "Enterprise.IntegrationPatterns.RabbitMq.Tests", "Enterprise.IntegrationPatterns.RabbitMq.Tests\Enterprise.IntegrationPatterns.RabbitMq.Tests.csproj", "{F3AB9188-F1C0-4401-B7BC-AC764E9A9679}"
EndProject
Global
	GlobalSection(SolutionConfigurationPlatforms) = preSolution
		Debug|Any CPU = Debug|Any CPU
		Release|Any CPU = Release|Any CPU
	EndGlobalSection
	GlobalSection(ProjectConfigurationPlatforms) = postSolution
		{0DEFCADA-B616-4649-B099-2F560001839D}.Debug|Any CPU.ActiveCfg = Debug|Any CPU
		{0DEFCADA-B616-4649-B099-2F560001839D}.Debug|Any CPU.Build.0 = Debug|Any CPU
		{0DEFCADA-B616-4649-B099-2F560001839D}.Release|Any CPU.ActiveCfg = Release|Any CPU
		{0DEFCADA-B616-4649-B099-2F560001839D}.Release|Any CPU.Build.0 = Release|Any CPU
		{806B8A3E-C69C-4827-B232-638881397846}.Debug|Any CPU.ActiveCfg = Debug|Any CPU
		{806B8A3E-C69C-4827-B232-638881397846}.Debug|Any CPU.Build.0 = Debug|Any CPU
		{806B8A3E-C69C-4827-B232-638881397846}.Release|Any CPU.ActiveCfg = Release|Any CPU
		{806B8A3E-C69C-4827-B232-638881397846}.Release|Any CPU.Build.0 = Release|Any CPU
		{F3AB9188-F1C0-4401-B7BC-AC764E9A9679}.Debug|Any CPU.ActiveCfg = Debug|Any CPU
		{F3AB9188-F1C0-4401-B7BC-AC764E9A9679}.Debug|Any CPU.Build.0 = Debug|Any CPU
		{F3AB9188-F1C0-4401-B7BC-AC764E9A9679}.Release|Any CPU.ActiveCfg = Release|Any CPU
		{F3AB9188-F1C0-4401-B7BC-AC764E9A9679}.Release|Any CPU.Build.0 = Release|Any CPU
	EndGlobalSection
	GlobalSection(SolutionProperties) = preSolution
		HideSolutionNode = FALSE
	EndGlobalSection
EndGlobal
